
Microsoft Visual Studio Solution File, Format Version 12.00
# Visual Studio Version 17
VisualStudioVersion = 17.0.31903.59
MinimumVisualStudioVersion = 10.0.40219.1
Project("{2150E333-8FDC-42A3-9474-1A3956D46DE8}") = "src", "src", "{827E0CD3-B72D-47B6-A68D-7590B98EB39B}"
EndProject
Project("{FAE04EC0-301F-11D3-BF4B-00C04F79EFBC}") = "ERP.Web", "src\ERP.Web\ERP.Web.csproj", "{E620A5E5-4FD8-427B-8F31-CDB720A96103}"
EndProject
Project("{FAE04EC0-301F-11D3-BF4B-00C04F79EFBC}") = "ERP.Application", "src\ERP.Application\ERP.Application.csproj", "{EC2835E6-5528-4AEE-9D5C-9055738081EE}"
EndProject
Project("{FAE04EC0-301F-11D3-BF4B-00C04F79EFBC}") = "ERP.Domain", "src\ERP.Domain\ERP.Domain.csproj", "{8C3358ED-C95E-4A34-80D1-E1EC12B97B62}"
EndProject
Project("{FAE04EC0-301F-11D3-BF4B-00C04F79EFBC}") = "ERP.Infrastructure", "src\ERP.Infrastructure\ERP.Infrastructure.csproj", "{36D82EBF-B126-4803-84C2-0ED4244259A3}"
EndProject
Project("{FAE04EC0-301F-11D3-BF4B-00C04F79EFBC}") = "ERP.Shared", "src\ERP.Shared\ERP.Shared.csproj", "{070B7D73-6EFA-4BA7-8207-3F026021EAF5}"
EndProject
Project("{2150E333-8FDC-42A3-9474-1A3956D46DE8}") = "tests", "tests", "{0AB3BF05-4346-4AA6-1389-037BE0695223}"
EndProject
Project("{FAE04EC0-301F-11D3-BF4B-00C04F79EFBC}") = "ERP.UnitTests", "tests\ERP.UnitTests\ERP.UnitTests.csproj", "{8C6B938A-C846-4CB5-8C5A-A4BC83AB12AD}"
EndProject
Project("{FAE04EC0-301F-11D3-BF4B-00C04F79EFBC}") = "ERP.IntegrationTests", "tests\ERP.IntegrationTests\ERP.IntegrationTests.csproj", "{B2F17B2C-3023-4249-AA15-5FD0AE2EA2B3}"
EndProject
Project("{FAE04EC0-301F-11D3-BF4B-00C04F79EFBC}") = "ERP.FunctionalTests", "tests\ERP.FunctionalTests\ERP.FunctionalTests.csproj", "{9CA4DE86-2F81-4208-9637-6A3C275EF58A}"
EndProject
Global
	GlobalSection(SolutionConfigurationPlatforms) = preSolution
		Debug|Any CPU = Debug|Any CPU
		Debug|x64 = Debug|x64
		Debug|x86 = Debug|x86
		Release|Any CPU = Release|Any CPU
		Release|x64 = Release|x64
		Release|x86 = Release|x86
	EndGlobalSection
	GlobalSection(ProjectConfigurationPlatforms) = postSolution
		{E620A5E5-4FD8-427B-8F31-CDB720A96103}.Debug|Any CPU.ActiveCfg = Debug|Any CPU
		{E620A5E5-4FD8-427B-8F31-CDB720A96103}.Debug|Any CPU.Build.0 = Debug|Any CPU
		{E620A5E5-4FD8-427B-8F31-CDB720A96103}.Debug|x64.ActiveCfg = Debug|Any CPU
		{E620A5E5-4FD8-427B-8F31-CDB720A96103}.Debug|x64.Build.0 = Debug|Any CPU
		{E620A5E5-4FD8-427B-8F31-CDB720A96103}.Debug|x86.ActiveCfg = Debug|Any CPU
		{E620A5E5-4FD8-427B-8F31-CDB720A96103}.Debug|x86.Build.0 = Debug|Any CPU
		{E620A5E5-4FD8-427B-8F31-CDB720A96103}.Release|Any CPU.ActiveCfg = Release|Any CPU
		{E620A5E5-4FD8-427B-8F31-CDB720A96103}.Release|Any CPU.Build.0 = Release|Any CPU
		{E620A5E5-4FD8-427B-8F31-CDB720A96103}.Release|x64.ActiveCfg = Release|Any CPU
		{E620A5E5-4FD8-427B-8F31-CDB720A96103}.Release|x64.Build.0 = Release|Any CPU
		{E620A5E5-4FD8-427B-8F31-CDB720A96103}.Release|x86.ActiveCfg = Release|Any CPU
		{E620A5E5-4FD8-427B-8F31-CDB720A96103}.Release|x86.Build.0 = Release|Any CPU
		{EC2835E6-5528-4AEE-9D5C-9055738081EE}.Debug|Any CPU.ActiveCfg = Debug|Any CPU
		{EC2835E6-5528-4AEE-9D5C-9055738081EE}.Debug|Any CPU.Build.0 = Debug|Any CPU
		{EC2835E6-5528-4AEE-9D5C-9055738081EE}.Debug|x64.ActiveCfg = Debug|Any CPU
		{EC2835E6-5528-4AEE-9D5C-9055738081EE}.Debug|x64.Build.0 = Debug|Any CPU
		{EC2835E6-5528-4AEE-9D5C-9055738081EE}.Debug|x86.ActiveCfg = Debug|Any CPU
		{EC2835E6-5528-4AEE-9D5C-9055738081EE}.Debug|x86.Build.0 = Debug|Any CPU
		{EC2835E6-5528-4AEE-9D5C-9055738081EE}.Release|Any CPU.ActiveCfg = Release|Any CPU
		{EC2835E6-5528-4AEE-9D5C-9055738081EE}.Release|Any CPU.Build.0 = Release|Any CPU
		{EC2835E6-5528-4AEE-9D5C-9055738081EE}.Release|x64.ActiveCfg = Release|Any CPU
		{EC2835E6-5528-4AEE-9D5C-9055738081EE}.Release|x64.Build.0 = Release|Any CPU
		{EC2835E6-5528-4AEE-9D5C-9055738081EE}.Release|x86.ActiveCfg = Release|Any CPU
		{EC2835E6-5528-4AEE-9D5C-9055738081EE}.Release|x86.Build.0 = Release|Any CPU
		{8C3358ED-C95E-4A34-80D1-E1EC12B97B62}.Debug|Any CPU.ActiveCfg = Debug|Any CPU
		{8C3358ED-C95E-4A34-80D1-E1EC12B97B62}.Debug|Any CPU.Build.0 = Debug|Any CPU
		{8C3358ED-C95E-4A34-80D1-E1EC12B97B62}.Debug|x64.ActiveCfg = Debug|Any CPU
		{8C3358ED-C95E-4A34-80D1-E1EC12B97B62}.Debug|x64.Build.0 = Debug|Any CPU
		{8C3358ED-C95E-4A34-80D1-E1EC12B97B62}.Debug|x86.ActiveCfg = Debug|Any CPU
		{8C3358ED-C95E-4A34-80D1-E1EC12B97B62}.Debug|x86.Build.0 = Debug|Any CPU
		{8C3358ED-C95E-4A34-80D1-E1EC12B97B62}.Release|Any CPU.ActiveCfg = Release|Any CPU
		{8C3358ED-C95E-4A34-80D1-E1EC12B97B62}.Release|Any CPU.Build.0 = Release|Any CPU
		{8C3358ED-C95E-4A34-80D1-E1EC12B97B62}.Release|x64.ActiveCfg = Release|Any CPU
		{8C3358ED-C95E-4A34-80D1-E1EC12B97B62}.Release|x64.Build.0 = Release|Any CPU
		{8C3358ED-C95E-4A34-80D1-E1EC12B97B62}.Release|x86.ActiveCfg = Release|Any CPU
		{8C3358ED-C95E-4A34-80D1-E1EC12B97B62}.Release|x86.Build.0 = Release|Any CPU
		{36D82EBF-B126-4803-84C2-0ED4244259A3}.Debug|Any CPU.ActiveCfg = Debug|Any CPU
		{36D82EBF-B126-4803-84C2-0ED4244259A3}.Debug|Any CPU.Build.0 = Debug|Any CPU
		{36D82EBF-B126-4803-84C2-0ED4244259A3}.Debug|x64.ActiveCfg = Debug|Any CPU
		{36D82EBF-B126-4803-84C2-0ED4244259A3}.Debug|x64.Build.0 = Debug|Any CPU
		{36D82EBF-B126-4803-84C2-0ED4244259A3}.Debug|x86.ActiveCfg = Debug|Any CPU
		{36D82EBF-B126-4803-84C2-0ED4244259A3}.Debug|x86.Build.0 = Debug|Any CPU
		{36D82EBF-B126-4803-84C2-0ED4244259A3}.Release|Any CPU.ActiveCfg = Release|Any CPU
		{36D82EBF-B126-4803-84C2-0ED4244259A3}.Release|Any CPU.Build.0 = Release|Any CPU
		{36D82EBF-B126-4803-84C2-0ED4244259A3}.Release|x64.ActiveCfg = Release|Any CPU
		{36D82EBF-B126-4803-84C2-0ED4244259A3}.Release|x64.Build.0 = Release|Any CPU
		{36D82EBF-B126-4803-84C2-0ED4244259A3}.Release|x86.ActiveCfg = Release|Any CPU
		{36D82EBF-B126-4803-84C2-0ED4244259A3}.Release|x86.Build.0 = Release|Any CPU
		{070B7D73-6EFA-4BA7-8207-3F026021EAF5}.Debug|Any CPU.ActiveCfg = Debug|Any CPU
		{070B7D73-6EFA-4BA7-8207-3F026021EAF5}.Debug|Any CPU.Build.0 = Debug|Any CPU
		{070B7D73-6EFA-4BA7-8207-3F026021EAF5}.Debug|x64.ActiveCfg = Debug|Any CPU
		{070B7D73-6EFA-4BA7-8207-3F026021EAF5}.Debug|x64.Build.0 = Debug|Any CPU
		{070B7D73-6EFA-4BA7-8207-3F026021EAF5}.Debug|x86.ActiveCfg = Debug|Any CPU
		{070B7D73-6EFA-4BA7-8207-3F026021EAF5}.Debug|x86.Build.0 = Debug|Any CPU
		{070B7D73-6EFA-4BA7-8207-3F026021EAF5}.Release|Any CPU.ActiveCfg = Release|Any CPU
		{070B7D73-6EFA-4BA7-8207-3F026021EAF5}.Release|Any CPU.Build.0 = Release|Any CPU
		{070B7D73-6EFA-4BA7-8207-3F026021EAF5}.Release|x64.ActiveCfg = Release|Any CPU
		{070B7D73-6EFA-4BA7-8207-3F026021EAF5}.Release|x64.Build.0 = Release|Any CPU
		{070B7D73-6EFA-4BA7-8207-3F026021EAF5}.Release|x86.ActiveCfg = Release|Any CPU
		{070B7D73-6EFA-4BA7-8207-3F026021EAF5}.Release|x86.Build.0 = Release|Any CPU
		{8C6B938A-C846-4CB5-8C5A-A4BC83AB12AD}.Debug|Any CPU.ActiveCfg = Debug|Any CPU
		{8C6B938A-C846-4CB5-8C5A-A4BC83AB12AD}.Debug|Any CPU.Build.0 = Debug|Any CPU
		{8C6B938A-C846-4CB5-8C5A-A4BC83AB12AD}.Debug|x64.ActiveCfg = Debug|Any CPU
		{8C6B938A-C846-4CB5-8C5A-A4BC83AB12AD}.Debug|x64.Build.0 = Debug|Any CPU
		{8C6B938A-C846-4CB5-8C5A-A4BC83AB12AD}.Debug|x86.ActiveCfg = Debug|Any CPU
		{8C6B938A-C846-4CB5-8C5A-A4BC83AB12AD}.Debug|x86.Build.0 = Debug|Any CPU
		{8C6B938A-C846-4CB5-8C5A-A4BC83AB12AD}.Release|Any CPU.ActiveCfg = Release|Any CPU
		{8C6B938A-C846-4CB5-8C5A-A4BC83AB12AD}.Release|Any CPU.Build.0 = Release|Any CPU
		{8C6B938A-C846-4CB5-8C5A-A4BC83AB12AD}.Release|x64.ActiveCfg = Release|Any CPU
		{8C6B938A-C846-4CB5-8C5A-A4BC83AB12AD}.Release|x64.Build.0 = Release|Any CPU
		{8C6B938A-C846-4CB5-8C5A-A4BC83AB12AD}.Release|x86.ActiveCfg = Release|Any CPU
		{8C6B938A-C846-4CB5-8C5A-A4BC83AB12AD}.Release|x86.Build.0 = Release|Any CPU
		{B2F17B2C-3023-4249-AA15-5FD0AE2EA2B3}.Debug|Any CPU.ActiveCfg = Debug|Any CPU
		{B2F17B2C-3023-4249-AA15-5FD0AE2EA2B3}.Debug|Any CPU.Build.0 = Debug|Any CPU
		{B2F17B2C-3023-4249-AA15-5FD0AE2EA2B3}.Debug|x64.ActiveCfg = Debug|Any CPU
		{B2F17B2C-3023-4249-AA15-5FD0AE2EA2B3}.Debug|x64.Build.0 = Debug|Any CPU
		{B2F17B2C-3023-4249-AA15-5FD0AE2EA2B3}.Debug|x86.ActiveCfg = Debug|Any CPU
		{B2F17B2C-3023-4249-AA15-5FD0AE2EA2B3}.Debug|x86.Build.0 = Debug|Any CPU
		{B2F17B2C-3023-4249-AA15-5FD0AE2EA2B3}.Release|Any CPU.ActiveCfg = Release|Any CPU
		{B2F17B2C-3023-4249-AA15-5FD0AE2EA2B3}.Release|Any CPU.Build.0 = Release|Any CPU
		{B2F17B2C-3023-4249-AA15-5FD0AE2EA2B3}.Release|x64.ActiveCfg = Release|Any CPU
		{B2F17B2C-3023-4249-AA15-5FD0AE2EA2B3}.Release|x64.Build.0 = Release|Any CPU
		{B2F17B2C-3023-4249-AA15-5FD0AE2EA2B3}.Release|x86.ActiveCfg = Release|Any CPU
		{B2F17B2C-3023-4249-AA15-5FD0AE2EA2B3}.Release|x86.Build.0 = Release|Any CPU
		{9CA4DE86-2F81-4208-9637-6A3C275EF58A}.Debug|Any CPU.ActiveCfg = Debug|Any CPU
		{9CA4DE86-2F81-4208-9637-6A3C275EF58A}.Debug|Any CPU.Build.0 = Debug|Any CPU
		{9CA4DE86-2F81-4208-9637-6A3C275EF58A}.Debug|x64.ActiveCfg = Debug|Any CPU
		{9CA4DE86-2F81-4208-9637-6A3C275EF58A}.Debug|x64.Build.0 = Debug|Any CPU
		{9CA4DE86-2F81-4208-9637-6A3C275EF58A}.Debug|x86.ActiveCfg = Debug|Any CPU
		{9CA4DE86-2F81-4208-9637-6A3C275EF58A}.Debug|x86.Build.0 = Debug|Any CPU
		{9CA4DE86-2F81-4208-9637-6A3C275EF58A}.Release|Any CPU.ActiveCfg = Release|Any CPU
		{9CA4DE86-2F81-4208-9637-6A3C275EF58A}.Release|Any CPU.Build.0 = Release|Any CPU
		{9CA4DE86-2F81-4208-9637-6A3C275EF58A}.Release|x64.ActiveCfg = Release|Any CPU
		{9CA4DE86-2F81-4208-9637-6A3C275EF58A}.Release|x64.Build.0 = Release|Any CPU
		{9CA4DE86-2F81-4208-9637-6A3C275EF58A}.Release|x86.ActiveCfg = Release|Any CPU
		{9CA4DE86-2F81-4208-9637-6A3C275EF58A}.Release|x86.Build.0 = Release|Any CPU
	EndGlobalSection
	GlobalSection(SolutionProperties) = preSolution
		HideSolutionNode = FALSE
	EndGlobalSection
	GlobalSection(NestedProjects) = preSolution
		{E620A5E5-4FD8-427B-8F31-CDB720A96103} = {827E0CD3-B72D-47B6-A68D-7590B98EB39B}
		{EC2835E6-5528-4AEE-9D5C-9055738081EE} = {827E0CD3-B72D-47B6-A68D-7590B98EB39B}
		{8C3358ED-C95E-4A34-80D1-E1EC12B97B62} = {827E0CD3-B72D-47B6-A68D-7590B98EB39B}
		{36D82EBF-B126-4803-84C2-0ED4244259A3} = {827E0CD3-B72D-47B6-A68D-7590B98EB39B}
		{070B7D73-6EFA-4BA7-8207-3F026021EAF5} = {827E0CD3-B72D-47B6-A68D-7590B98EB39B}
		{8C6B938A-C846-4CB5-8C5A-A4BC83AB12AD} = {0AB3BF05-4346-4AA6-1389-037BE0695223}
		{B2F17B2C-3023-4249-AA15-5FD0AE2EA2B3} = {0AB3BF05-4346-4AA6-1389-037BE0695223}
		{9CA4DE86-2F81-4208-9637-6A3C275EF58A} = {0AB3BF05-4346-4AA6-1389-037BE0695223}
	EndGlobalSection
EndGlobal
